
Microsoft Visual Studio Solution File, Format Version 12.00
# Visual Studio 15
VisualStudioVersion = 15.0.28010.2016
MinimumVisualStudioVersion = 10.0.40219.1
Project("{9A19103F-16F7-4668-BE54-9A1E7A4F7556}") = "Calc", "Calc\Calc.csproj", "{442EE314-CB1C-4A41-AEBF-A11B318DC2ED}"
EndProject
Project("{9A19103F-16F7-4668-BE54-9A1E7A4F7556}") = "Calc.Core", "Calc.Core\Calc.Core.csproj", "{917291EF-D5F8-43AB-AE30-9A181F5A5C42}"
EndProject
Project("{9A19103F-16F7-4668-BE54-9A1E7A4F7556}") = "Calc.Test", "Calc.Test\Calc.Test.csproj", "{FC670274-2A54-4F5B-BA48-8E0E51037F50}"
EndProject
Global
	GlobalSection(SolutionConfigurationPlatforms) = preSolution
		Debug|Any CPU = Debug|Any CPU
		Release|Any CPU = Release|Any CPU
	EndGlobalSection
	GlobalSection(ProjectConfigurationPlatforms) = postSolution
		{442EE314-CB1C-4A41-AEBF-A11B318DC2ED}.Debug|Any CPU.ActiveCfg = Debug|Any CPU
		{442EE314-CB1C-4A41-AEBF-A11B318DC2ED}.Debug|Any CPU.Build.0 = Debug|Any CPU
		{442EE314-CB1C-4A41-AEBF-A11B318DC2ED}.Release|Any CPU.ActiveCfg = Release|Any CPU
		{442EE314-CB1C-4A41-AEBF-A11B318DC2ED}.Release|Any CPU.Build.0 = Release|Any CPU
		{917291EF-D5F8-43AB-AE30-9A181F5A5C42}.Debug|Any CPU.ActiveCfg = Debug|Any CPU
		{917291EF-D5F8-43AB-AE30-9A181F5A5C42}.Debug|Any CPU.Build.0 = Debug|Any CPU
		{917291EF-D5F8-43AB-AE30-9A181F5A5C42}.Release|Any CPU.ActiveCfg = Release|Any CPU
		{917291EF-D5F8-43AB-AE30-9A181F5A5C42}.Release|Any CPU.Build.0 = Release|Any CPU
		{FC670274-2A54-4F5B-BA48-8E0E51037F50}.Debug|Any CPU.ActiveCfg = Debug|Any CPU
		{FC670274-2A54-4F5B-BA48-8E0E51037F50}.Debug|Any CPU.Build.0 = Debug|Any CPU
		{FC670274-2A54-4F5B-BA48-8E0E51037F50}.Release|Any CPU.ActiveCfg = Release|Any CPU
		{FC670274-2A54-4F5B-BA48-8E0E51037F50}.Release|Any CPU.Build.0 = Release|Any CPU
	EndGlobalSection
	GlobalSection(SolutionProperties) = preSolution
		HideSolutionNode = FALSE
	EndGlobalSection
	GlobalSection(ExtensibilityGlobals) = postSolution
		SolutionGuid = {032435B5-50EE-4EE5-8C14-0D26AD64DF03}
	EndGlobalSection
EndGlobal
